
Microsoft Visual Studio Solution File, Format Version 12.00
# Visual Studio 2012
Project("{FAE04EC0-301F-11D3-BF4B-00C04F79EFBC}") = "Game", "Game\Game.csproj", "{C974EE31-9982-4F9E-9645-6A85048C85B0}"
EndProject
Project("{FAE04EC0-301F-11D3-BF4B-00C04F79EFBC}") = "Model", "Model\Model.csproj", "{7EE76A70-F0F9-4E3E-A19C-DAF3AE98B336}"
EndProject
Global
	GlobalSection(SolutionConfigurationPlatforms) = preSolution
		Debug|Any CPU = Debug|Any CPU
		Release|Any CPU = Release|Any CPU
	EndGlobalSection
	GlobalSection(ProjectConfigurationPlatforms) = postSolution
		{C974EE31-9982-4F9E-9645-6A85048C85B0}.Debug|Any CPU.ActiveCfg = Debug|Any CPU
		{C974EE31-9982-4F9E-9645-6A85048C85B0}.Debug|Any CPU.Build.0 = Debug|Any CPU
		{C974EE31-9982-4F9E-9645-6A85048C85B0}.Release|Any CPU.ActiveCfg = Release|Any CPU
		{C974EE31-9982-4F9E-9645-6A85048C85B0}.Release|Any CPU.Build.0 = Release|Any CPU
		{7EE76A70-F0F9-4E3E-A19C-DAF3AE98B336}.Debug|Any CPU.ActiveCfg = Debug|Any CPU
		{7EE76A70-F0F9-4E3E-A19C-DAF3AE98B336}.Debug|Any CPU.Build.0 = Debug|Any CPU
		{7EE76A70-F0F9-4E3E-A19C-DAF3AE98B336}.Release|Any CPU.ActiveCfg = Release|Any CPU
		{7EE76A70-F0F9-4E3E-A19C-DAF3AE98B336}.Release|Any CPU.Build.0 = Release|Any CPU
	EndGlobalSection
	GlobalSection(SolutionProperties) = preSolution
		HideSolutionNode = FALSE
	EndGlobalSection
EndGlobal
